
Microsoft Visual Studio Solution File, Format Version 12.00
# Visual Studio 15
VisualStudioVersion = 15.0.27703.2035
MinimumVisualStudioVersion = 10.0.40219.1
Project("{FAE04EC0-301F-11D3-BF4B-00C04F79EFBC}") = "XamTweet.Android", "XamTweet\XamTweet.Android\XamTweet.Android.csproj", "{43BF6C49-A43E-472B-905B-900E0E997EDE}"
EndProject
Project("{FAE04EC0-301F-11D3-BF4B-00C04F79EFBC}") = "XamTweet.iOS", "XamTweet\XamTweet.iOS\XamTweet.iOS.csproj", "{B8A156DE-E4D2-40E4-94FE-47F430FC054B}"
EndProject
Project("{FAE04EC0-301F-11D3-BF4B-00C04F79EFBC}") = "XamTweet.UWP", "XamTweet\XamTweet.UWP\XamTweet.UWP.csproj", "{854A96F9-1581-4DE1-B540-7FBFDAA16950}"
EndProject
Project("{FAE04EC0-301F-11D3-BF4B-00C04F79EFBC}") = "XamTweet", "XamTweet\XamTweet\XamTweet.csproj", "{CD87FCC9-0312-4CDF-8781-FA9E9AF7F2FF}"
EndProject
Global
	GlobalSection(SolutionConfigurationPlatforms) = preSolution
		Ad-Hoc|Any CPU = Ad-Hoc|Any CPU
		Ad-Hoc|ARM = Ad-Hoc|ARM
		Ad-Hoc|iPhone = Ad-Hoc|iPhone
		Ad-Hoc|iPhoneSimulator = Ad-Hoc|iPhoneSimulator
		Ad-Hoc|x64 = Ad-Hoc|x64
		Ad-Hoc|x86 = Ad-Hoc|x86
		AppStore|Any CPU = AppStore|Any CPU
		AppStore|ARM = AppStore|ARM
		AppStore|iPhone = AppStore|iPhone
		AppStore|iPhoneSimulator = AppStore|iPhoneSimulator
		AppStore|x64 = AppStore|x64
		AppStore|x86 = AppStore|x86
		Debug|Any CPU = Debug|Any CPU
		Debug|ARM = Debug|ARM
		Debug|iPhone = Debug|iPhone
		Debug|iPhoneSimulator = Debug|iPhoneSimulator
		Debug|x64 = Debug|x64
		Debug|x86 = Debug|x86
		Release|Any CPU = Release|Any CPU
		Release|ARM = Release|ARM
		Release|iPhone = Release|iPhone
		Release|iPhoneSimulator = Release|iPhoneSimulator
		Release|x64 = Release|x64
		Release|x86 = Release|x86
	EndGlobalSection
	GlobalSection(ProjectConfigurationPlatforms) = postSolution
		{43BF6C49-A43E-472B-905B-900E0E997EDE}.Ad-Hoc|Any CPU.ActiveCfg = Release|Any CPU
		{43BF6C49-A43E-472B-905B-900E0E997EDE}.Ad-Hoc|Any CPU.Build.0 = Release|Any CPU
		{43BF6C49-A43E-472B-905B-900E0E997EDE}.Ad-Hoc|Any CPU.Deploy.0 = Release|Any CPU
		{43BF6C49-A43E-472B-905B-900E0E997EDE}.Ad-Hoc|ARM.ActiveCfg = Release|Any CPU
		{43BF6C49-A43E-472B-905B-900E0E997EDE}.Ad-Hoc|ARM.Build.0 = Release|Any CPU
		{43BF6C49-A43E-472B-905B-900E0E997EDE}.Ad-Hoc|ARM.Deploy.0 = Release|Any CPU
		{43BF6C49-A43E-472B-905B-900E0E997EDE}.Ad-Hoc|iPhone.ActiveCfg = Release|Any CPU
		{43BF6C49-A43E-472B-905B-900E0E997EDE}.Ad-Hoc|iPhone.Build.0 = Release|Any CPU
		{43BF6C49-A43E-472B-905B-900E0E997EDE}.Ad-Hoc|iPhone.Deploy.0 = Release|Any CPU
		{43BF6C49-A43E-472B-905B-900E0E997EDE}.Ad-Hoc|iPhoneSimulator.ActiveCfg = Release|Any CPU
		{43BF6C49-A43E-472B-905B-900E0E997EDE}.Ad-Hoc|iPhoneSimulator.Build.0 = Release|Any CPU
		{43BF6C49-A43E-472B-905B-900E0E997EDE}.Ad-Hoc|iPhoneSimulator.Deploy.0 = Release|Any CPU
		{43BF6C49-A43E-472B-905B-900E0E997EDE}.Ad-Hoc|x64.ActiveCfg = Release|Any CPU
		{43BF6C49-A43E-472B-905B-900E0E997EDE}.Ad-Hoc|x64.Build.0 = Release|Any CPU
		{43BF6C49-A43E-472B-905B-900E0E997EDE}.Ad-Hoc|x64.Deploy.0 = Release|Any CPU
		{43BF6C49-A43E-472B-905B-900E0E997EDE}.Ad-Hoc|x86.ActiveCfg = Release|Any CPU
		{43BF6C49-A43E-472B-905B-900E0E997EDE}.Ad-Hoc|x86.Build.0 = Release|Any CPU
		{43BF6C49-A43E-472B-905B-900E0E997EDE}.Ad-Hoc|x86.Deploy.0 = Release|Any CPU
		{43BF6C49-A43E-472B-905B-900E0E997EDE}.AppStore|Any CPU.ActiveCfg = Release|Any CPU
		{43BF6C49-A43E-472B-905B-900E0E997EDE}.AppStore|Any CPU.Build.0 = Release|Any CPU
		{43BF6C49-A43E-472B-905B-900E0E997EDE}.AppStore|Any CPU.Deploy.0 = Release|Any CPU
		{43BF6C49-A43E-472B-905B-900E0E997EDE}.AppStore|ARM.ActiveCfg = Release|Any CPU
		{43BF6C49-A43E-472B-905B-900E0E997EDE}.AppStore|ARM.Build.0 = Release|Any CPU
		{43BF6C49-A43E-472B-905B-900E0E997EDE}.AppStore|ARM.Deploy.0 = Release|Any CPU
		{43BF6C49-A43E-472B-905B-900E0E997EDE}.AppStore|iPhone.ActiveCfg = Release|Any CPU
		{43BF6C49-A43E-472B-905B-900E0E997EDE}.AppStore|iPhone.Build.0 = Release|Any CPU
		{43BF6C49-A43E-472B-905B-900E0E997EDE}.AppStore|iPhone.Deploy.0 = Release|Any CPU
		{43BF6C49-A43E-472B-905B-900E0E997EDE}.AppStore|iPhoneSimulator.ActiveCfg = Release|Any CPU
		{43BF6C49-A43E-472B-905B-900E0E997EDE}.AppStore|iPhoneSimulator.Build.0 = Release|Any CPU
		{43BF6C49-A43E-472B-905B-900E0E997EDE}.AppStore|iPhoneSimulator.Deploy.0 = Release|Any CPU
		{43BF6C49-A43E-472B-905B-900E0E997EDE}.AppStore|x64.ActiveCfg = Release|Any CPU
		{43BF6C49-A43E-472B-905B-900E0E997EDE}.AppStore|x64.Build.0 = Release|Any CPU
		{43BF6C49-A43E-472B-905B-900E0E997EDE}.AppStore|x64.Deploy.0 = Release|Any CPU
		{43BF6C49-A43E-472B-905B-900E0E997EDE}.AppStore|x86.ActiveCfg = Release|Any CPU
		{43BF6C49-A43E-472B-905B-900E0E997EDE}.AppStore|x86.Build.0 = Release|Any CPU
		{43BF6C49-A43E-472B-905B-900E0E997EDE}.AppStore|x86.Deploy.0 = Release|Any CPU
		{43BF6C49-A43E-472B-905B-900E0E997EDE}.Debug|Any CPU.ActiveCfg = Debug|Any CPU
		{43BF6C49-A43E-472B-905B-900E0E997EDE}.Debug|Any CPU.Build.0 = Debug|Any CPU
		{43BF6C49-A43E-472B-905B-900E0E997EDE}.Debug|Any CPU.Deploy.0 = Debug|Any CPU
		{43BF6C49-A43E-472B-905B-900E0E997EDE}.Debug|ARM.ActiveCfg = Debug|Any CPU
		{43BF6C49-A43E-472B-905B-900E0E997EDE}.Debug|ARM.Build.0 = Debug|Any CPU
		{43BF6C49-A43E-472B-905B-900E0E997EDE}.Debug|ARM.Deploy.0 = Debug|Any CPU
		{43BF6C49-A43E-472B-905B-900E0E997EDE}.Debug|iPhone.ActiveCfg = Debug|Any CPU
		{43BF6C49-A43E-472B-905B-900E0E997EDE}.Debug|iPhone.Build.0 = Debug|Any CPU
		{43BF6C49-A43E-472B-905B-900E0E997EDE}.Debug|iPhone.Deploy.0 = Debug|Any CPU
		{43BF6C49-A43E-472B-905B-900E0E997EDE}.Debug|iPhoneSimulator.ActiveCfg = Debug|Any CPU
		{43BF6C49-A43E-472B-905B-900E0E997EDE}.Debug|iPhoneSimulator.Build.0 = Debug|Any CPU
		{43BF6C49-A43E-472B-905B-900E0E997EDE}.Debug|iPhoneSimulator.Deploy.0 = Debug|Any CPU
		{43BF6C49-A43E-472B-905B-900E0E997EDE}.Debug|x64.ActiveCfg = Debug|Any CPU
		{43BF6C49-A43E-472B-905B-900E0E997EDE}.Debug|x64.Build.0 = Debug|Any CPU
		{43BF6C49-A43E-472B-905B-900E0E997EDE}.Debug|x64.Deploy.0 = Debug|Any CPU
		{43BF6C49-A43E-472B-905B-900E0E997EDE}.Debug|x86.ActiveCfg = Debug|Any CPU
		{43BF6C49-A43E-472B-905B-900E0E997EDE}.Debug|x86.Build.0 = Debug|Any CPU
		{43BF6C49-A43E-472B-905B-900E0E997EDE}.Debug|x86.Deploy.0 = Debug|Any CPU
		{43BF6C49-A43E-472B-905B-900E0E997EDE}.Release|Any CPU.ActiveCfg = Release|Any CPU
		{43BF6C49-A43E-472B-905B-900E0E997EDE}.Release|Any CPU.Build.0 = Release|Any CPU
		{43BF6C49-A43E-472B-905B-900E0E997EDE}.Release|Any CPU.Deploy.0 = Release|Any CPU
		{43BF6C49-A43E-472B-905B-900E0E997EDE}.Release|ARM.ActiveCfg = Release|Any CPU
		{43BF6C49-A43E-472B-905B-900E0E997EDE}.Release|ARM.Build.0 = Release|Any CPU
		{43BF6C49-A43E-472B-905B-900E0E997EDE}.Release|ARM.Deploy.0 = Release|Any CPU
		{43BF6C49-A43E-472B-905B-900E0E997EDE}.Release|iPhone.ActiveCfg = Release|Any CPU
		{43BF6C49-A43E-472B-905B-900E0E997EDE}.Release|iPhone.Build.0 = Release|Any CPU
		{43BF6C49-A43E-472B-905B-900E0E997EDE}.Release|iPhone.Deploy.0 = Release|Any CPU
		{43BF6C49-A43E-472B-905B-900E0E997EDE}.Release|iPhoneSimulator.ActiveCfg = Release|Any CPU
		{43BF6C49-A43E-472B-905B-900E0E997EDE}.Release|iPhoneSimulator.Build.0 = Release|Any CPU
		{43BF6C49-A43E-472B-905B-900E0E997EDE}.Release|iPhoneSimulator.Deploy.0 = Release|Any CPU
		{43BF6C49-A43E-472B-905B-900E0E997EDE}.Release|x64.ActiveCfg = Release|Any CPU
		{43BF6C49-A43E-472B-905B-900E0E997EDE}.Release|x64.Build.0 = Release|Any CPU
		{43BF6C49-A43E-472B-905B-900E0E997EDE}.Release|x64.Deploy.0 = Release|Any CPU
		{43BF6C49-A43E-472B-905B-900E0E997EDE}.Release|x86.ActiveCfg = Release|Any CPU
		{43BF6C49-A43E-472B-905B-900E0E997EDE}.Release|x86.Build.0 = Release|Any CPU
		{43BF6C49-A43E-472B-905B-900E0E997EDE}.Release|x86.Deploy.0 = Release|Any CPU
		{B8A156DE-E4D2-40E4-94FE-47F430FC054B}.Ad-Hoc|Any CPU.ActiveCfg = Ad-Hoc|iPhone
		{B8A156DE-E4D2-40E4-94FE-47F430FC054B}.Ad-Hoc|Any CPU.Build.0 = Ad-Hoc|iPhone
		{B8A156DE-E4D2-40E4-94FE-47F430FC054B}.Ad-Hoc|Any CPU.Deploy.0 = Ad-Hoc|iPhone
		{B8A156DE-E4D2-40E4-94FE-47F430FC054B}.Ad-Hoc|ARM.ActiveCfg = Ad-Hoc|iPhone
		{B8A156DE-E4D2-40E4-94FE-47F430FC054B}.Ad-Hoc|ARM.Build.0 = Ad-Hoc|iPhone
		{B8A156DE-E4D2-40E4-94FE-47F430FC054B}.Ad-Hoc|ARM.Deploy.0 = Ad-Hoc|iPhone
		{B8A156DE-E4D2-40E4-94FE-47F430FC054B}.Ad-Hoc|iPhone.ActiveCfg = Ad-Hoc|iPhone
		{B8A156DE-E4D2-40E4-94FE-47F430FC054B}.Ad-Hoc|iPhone.Build.0 = Ad-Hoc|iPhone
		{B8A156DE-E4D2-40E4-94FE-47F430FC054B}.Ad-Hoc|iPhone.Deploy.0 = Ad-Hoc|iPhone
		{B8A156DE-E4D2-40E4-94FE-47F430FC054B}.Ad-Hoc|iPhoneSimulator.ActiveCfg = Ad-Hoc|iPhoneSimulator
		{B8A156DE-E4D2-40E4-94FE-47F430FC054B}.Ad-Hoc|iPhoneSimulator.Build.0 = Ad-Hoc|iPhoneSimulator
		{B8A156DE-E4D2-40E4-94FE-47F430FC054B}.Ad-Hoc|iPhoneSimulator.Deploy.0 = Ad-Hoc|iPhoneSimulator
		{B8A156DE-E4D2-40E4-94FE-47F430FC054B}.Ad-Hoc|x64.ActiveCfg = Ad-Hoc|iPhone
		{B8A156DE-E4D2-40E4-94FE-47F430FC054B}.Ad-Hoc|x64.Build.0 = Ad-Hoc|iPhone
		{B8A156DE-E4D2-40E4-94FE-47F430FC054B}.Ad-Hoc|x64.Deploy.0 = Ad-Hoc|iPhone
		{B8A156DE-E4D2-40E4-94FE-47F430FC054B}.Ad-Hoc|x86.ActiveCfg = Ad-Hoc|iPhone
		{B8A156DE-E4D2-40E4-94FE-47F430FC054B}.Ad-Hoc|x86.Build.0 = Ad-Hoc|iPhone
		{B8A156DE-E4D2-40E4-94FE-47F430FC054B}.Ad-Hoc|x86.Deploy.0 = Ad-Hoc|iPhone
		{B8A156DE-E4D2-40E4-94FE-47F430FC054B}.AppStore|Any CPU.ActiveCfg = AppStore|iPhone
		{B8A156DE-E4D2-40E4-94FE-47F430FC054B}.AppStore|Any CPU.Build.0 = AppStore|iPhone
		{B8A156DE-E4D2-40E4-94FE-47F430FC054B}.AppStore|Any CPU.Deploy.0 = AppStore|iPhone
		{B8A156DE-E4D2-40E4-94FE-47F430FC054B}.AppStore|ARM.ActiveCfg = AppStore|iPhone
		{B8A156DE-E4D2-40E4-94FE-47F430FC054B}.AppStore|ARM.Build.0 = AppStore|iPhone
		{B8A156DE-E4D2-40E4-94FE-47F430FC054B}.AppStore|ARM.Deploy.0 = AppStore|iPhone
		{B8A156DE-E4D2-40E4-94FE-47F430FC054B}.AppStore|iPhone.ActiveCfg = AppStore|iPhone
		{B8A156DE-E4D2-40E4-94FE-47F430FC054B}.AppStore|iPhone.Build.0 = AppStore|iPhone
		{B8A156DE-E4D2-40E4-94FE-47F430FC054B}.AppStore|iPhone.Deploy.0 = AppStore|iPhone
		{B8A156DE-E4D2-40E4-94FE-47F430FC054B}.AppStore|iPhoneSimulator.ActiveCfg = AppStore|iPhoneSimulator
		{B8A156DE-E4D2-40E4-94FE-47F430FC054B}.AppStore|iPhoneSimulator.Build.0 = AppStore|iPhoneSimulator
		{B8A156DE-E4D2-40E4-94FE-47F430FC054B}.AppStore|iPhoneSimulator.Deploy.0 = AppStore|iPhoneSimulator
		{B8A156DE-E4D2-40E4-94FE-47F430FC054B}.AppStore|x64.ActiveCfg = AppStore|iPhone
		{B8A156DE-E4D2-40E4-94FE-47F430FC054B}.AppStore|x64.Build.0 = AppStore|iPhone
		{B8A156DE-E4D2-40E4-94FE-47F430FC054B}.AppStore|x64.Deploy.0 = AppStore|iPhone
		{B8A156DE-E4D2-40E4-94FE-47F430FC054B}.AppStore|x86.ActiveCfg = AppStore|iPhone
		{B8A156DE-E4D2-40E4-94FE-47F430FC054B}.AppStore|x86.Build.0 = AppStore|iPhone
		{B8A156DE-E4D2-40E4-94FE-47F430FC054B}.AppStore|x86.Deploy.0 = AppStore|iPhone
		{B8A156DE-E4D2-40E4-94FE-47F430FC054B}.Debug|Any CPU.ActiveCfg = Debug|iPhoneSimulator
		{B8A156DE-E4D2-40E4-94FE-47F430FC054B}.Debug|Any CPU.Build.0 = Debug|iPhoneSimulator
		{B8A156DE-E4D2-40E4-94FE-47F430FC054B}.Debug|Any CPU.Deploy.0 = Debug|iPhoneSimulator
		{B8A156DE-E4D2-40E4-94FE-47F430FC054B}.Debug|ARM.ActiveCfg = Debug|iPhone
		{B8A156DE-E4D2-40E4-94FE-47F430FC054B}.Debug|ARM.Build.0 = Debug|iPhone
		{B8A156DE-E4D2-40E4-94FE-47F430FC054B}.Debug|ARM.Deploy.0 = Debug|iPhone
		{B8A156DE-E4D2-40E4-94FE-47F430FC054B}.Debug|iPhone.ActiveCfg = Debug|iPhone
		{B8A156DE-E4D2-40E4-94FE-47F430FC054B}.Debug|iPhone.Build.0 = Debug|iPhone
		{B8A156DE-E4D2-40E4-94FE-47F430FC054B}.Debug|iPhone.Deploy.0 = Debug|iPhone
		{B8A156DE-E4D2-40E4-94FE-47F430FC054B}.Debug|iPhoneSimulator.ActiveCfg = Debug|iPhoneSimulator
		{B8A156DE-E4D2-40E4-94FE-47F430FC054B}.Debug|iPhoneSimulator.Build.0 = Debug|iPhoneSimulator
		{B8A156DE-E4D2-40E4-94FE-47F430FC054B}.Debug|iPhoneSimulator.Deploy.0 = Debug|iPhoneSimulator
		{B8A156DE-E4D2-40E4-94FE-47F430FC054B}.Debug|x64.ActiveCfg = Debug|iPhone
		{B8A156DE-E4D2-40E4-94FE-47F430FC054B}.Debug|x64.Build.0 = Debug|iPhone
		{B8A156DE-E4D2-40E4-94FE-47F430FC054B}.Debug|x64.Deploy.0 = Debug|iPhone
		{B8A156DE-E4D2-40E4-94FE-47F430FC054B}.Debug|x86.ActiveCfg = Debug|iPhone
		{B8A156DE-E4D2-40E4-94FE-47F430FC054B}.Debug|x86.Build.0 = Debug|iPhone
		{B8A156DE-E4D2-40E4-94FE-47F430FC054B}.Debug|x86.Deploy.0 = Debug|iPhone
		{B8A156DE-E4D2-40E4-94FE-47F430FC054B}.Release|Any CPU.ActiveCfg = Release|iPhone
		{B8A156DE-E4D2-40E4-94FE-47F430FC054B}.Release|Any CPU.Build.0 = Release|iPhone
		{B8A156DE-E4D2-40E4-94FE-47F430FC054B}.Release|Any CPU.Deploy.0 = Release|iPhone
		{B8A156DE-E4D2-40E4-94FE-47F430FC054B}.Release|ARM.ActiveCfg = Release|iPhone
		{B8A156DE-E4D2-40E4-94FE-47F430FC054B}.Release|ARM.Build.0 = Release|iPhone
		{B8A156DE-E4D2-40E4-94FE-47F430FC054B}.Release|ARM.Deploy.0 = Release|iPhone
		{B8A156DE-E4D2-40E4-94FE-47F430FC054B}.Release|iPhone.ActiveCfg = Release|iPhone
		{B8A156DE-E4D2-40E4-94FE-47F430FC054B}.Release|iPhone.Build.0 = Release|iPhone
		{B8A156DE-E4D2-40E4-94FE-47F430FC054B}.Release|iPhone.Deploy.0 = Release|iPhone
		{B8A156DE-E4D2-40E4-94FE-47F430FC054B}.Release|iPhoneSimulator.ActiveCfg = Release|iPhoneSimulator
		{B8A156DE-E4D2-40E4-94FE-47F430FC054B}.Release|iPhoneSimulator.Build.0 = Release|iPhoneSimulator
		{B8A156DE-E4D2-40E4-94FE-47F430FC054B}.Release|iPhoneSimulator.Deploy.0 = Release|iPhoneSimulator
		{B8A156DE-E4D2-40E4-94FE-47F430FC054B}.Release|x64.ActiveCfg = Release|iPhone
		{B8A156DE-E4D2-40E4-94FE-47F430FC054B}.Release|x64.Build.0 = Release|iPhone
		{B8A156DE-E4D2-40E4-94FE-47F430FC054B}.Release|x64.Deploy.0 = Release|iPhone
		{B8A156DE-E4D2-40E4-94FE-47F430FC054B}.Release|x86.ActiveCfg = Release|iPhone
		{B8A156DE-E4D2-40E4-94FE-47F430FC054B}.Release|x86.Build.0 = Release|iPhone
		{B8A156DE-E4D2-40E4-94FE-47F430FC054B}.Release|x86.Deploy.0 = Release|iPhone
		{854A96F9-1581-4DE1-B540-7FBFDAA16950}.Ad-Hoc|Any CPU.ActiveCfg = Release|x86
		{854A96F9-1581-4DE1-B540-7FBFDAA16950}.Ad-Hoc|Any CPU.Build.0 = Release|x86
		{854A96F9-1581-4DE1-B540-7FBFDAA16950}.Ad-Hoc|Any CPU.Deploy.0 = Release|x86
		{854A96F9-1581-4DE1-B540-7FBFDAA16950}.Ad-Hoc|ARM.ActiveCfg = Release|ARM
		{854A96F9-1581-4DE1-B540-7FBFDAA16950}.Ad-Hoc|ARM.Build.0 = Release|ARM
		{854A96F9-1581-4DE1-B540-7FBFDAA16950}.Ad-Hoc|ARM.Deploy.0 = Release|ARM
		{854A96F9-1581-4DE1-B540-7FBFDAA16950}.Ad-Hoc|iPhone.ActiveCfg = Release|x86
		{854A96F9-1581-4DE1-B540-7FBFDAA16950}.Ad-Hoc|iPhone.Build.0 = Release|x86
		{854A96F9-1581-4DE1-B540-7FBFDAA16950}.Ad-Hoc|iPhone.Deploy.0 = Release|x86
		{854A96F9-1581-4DE1-B540-7FBFDAA16950}.Ad-Hoc|iPhoneSimulator.ActiveCfg = Release|x86
		{854A96F9-1581-4DE1-B540-7FBFDAA16950}.Ad-Hoc|iPhoneSimulator.Build.0 = Release|x86
		{854A96F9-1581-4DE1-B540-7FBFDAA16950}.Ad-Hoc|iPhoneSimulator.Deploy.0 = Release|x86
		{854A96F9-1581-4DE1-B540-7FBFDAA16950}.Ad-Hoc|x64.ActiveCfg = Release|x64
		{854A96F9-1581-4DE1-B540-7FBFDAA16950}.Ad-Hoc|x64.Build.0 = Release|x64
		{854A96F9-1581-4DE1-B540-7FBFDAA16950}.Ad-Hoc|x64.Deploy.0 = Release|x64
		{854A96F9-1581-4DE1-B540-7FBFDAA16950}.Ad-Hoc|x86.ActiveCfg = Release|x86
		{854A96F9-1581-4DE1-B540-7FBFDAA16950}.Ad-Hoc|x86.Build.0 = Release|x86
		{854A96F9-1581-4DE1-B540-7FBFDAA16950}.Ad-Hoc|x86.Deploy.0 = Release|x86
		{854A96F9-1581-4DE1-B540-7FBFDAA16950}.AppStore|Any CPU.ActiveCfg = Release|x86
		{854A96F9-1581-4DE1-B540-7FBFDAA16950}.AppStore|Any CPU.Build.0 = Release|x86
		{854A96F9-1581-4DE1-B540-7FBFDAA16950}.AppStore|Any CPU.Deploy.0 = Release|x86
		{854A96F9-1581-4DE1-B540-7FBFDAA16950}.AppStore|ARM.ActiveCfg = Release|ARM
		{854A96F9-1581-4DE1-B540-7FBFDAA16950}.AppStore|ARM.Build.0 = Release|ARM
		{854A96F9-1581-4DE1-B540-7FBFDAA16950}.AppStore|ARM.Deploy.0 = Release|ARM
		{854A96F9-1581-4DE1-B540-7FBFDAA16950}.AppStore|iPhone.ActiveCfg = Release|x86
		{854A96F9-1581-4DE1-B540-7FBFDAA16950}.AppStore|iPhone.Build.0 = Release|x86
		{854A96F9-1581-4DE1-B540-7FBFDAA16950}.AppStore|iPhone.Deploy.0 = Release|x86
		{854A96F9-1581-4DE1-B540-7FBFDAA16950}.AppStore|iPhoneSimulator.ActiveCfg = Release|x86
		{854A96F9-1581-4DE1-B540-7FBFDAA16950}.AppStore|iPhoneSimulator.Build.0 = Release|x86
		{854A96F9-1581-4DE1-B540-7FBFDAA16950}.AppStore|iPhoneSimulator.Deploy.0 = Release|x86
		{854A96F9-1581-4DE1-B540-7FBFDAA16950}.AppStore|x64.ActiveCfg = Release|x64
		{854A96F9-1581-4DE1-B540-7FBFDAA16950}.AppStore|x64.Build.0 = Release|x64
		{854A96F9-1581-4DE1-B540-7FBFDAA16950}.AppStore|x64.Deploy.0 = Release|x64
		{854A96F9-1581-4DE1-B540-7FBFDAA16950}.AppStore|x86.ActiveCfg = Release|x86
		{854A96F9-1581-4DE1-B540-7FBFDAA16950}.AppStore|x86.Build.0 = Release|x86
		{854A96F9-1581-4DE1-B540-7FBFDAA16950}.AppStore|x86.Deploy.0 = Release|x86
		{854A96F9-1581-4DE1-B540-7FBFDAA16950}.Debug|Any CPU.ActiveCfg = Debug|x86
		{854A96F9-1581-4DE1-B540-7FBFDAA16950}.Debug|Any CPU.Build.0 = Debug|x86
		{854A96F9-1581-4DE1-B540-7FBFDAA16950}.Debug|Any CPU.Deploy.0 = Debug|x86
		{854A96F9-1581-4DE1-B540-7FBFDAA16950}.Debug|ARM.ActiveCfg = Debug|ARM
		{854A96F9-1581-4DE1-B540-7FBFDAA16950}.Debug|ARM.Build.0 = Debug|ARM
		{854A96F9-1581-4DE1-B540-7FBFDAA16950}.Debug|ARM.Deploy.0 = Debug|ARM
		{854A96F9-1581-4DE1-B540-7FBFDAA16950}.Debug|iPhone.ActiveCfg = Debug|x86
		{854A96F9-1581-4DE1-B540-7FBFDAA16950}.Debug|iPhone.Build.0 = Debug|x86
		{854A96F9-1581-4DE1-B540-7FBFDAA16950}.Debug|iPhone.Deploy.0 = Debug|x86
		{854A96F9-1581-4DE1-B540-7FBFDAA16950}.Debug|iPhoneSimulator.ActiveCfg = Debug|x86
		{854A96F9-1581-4DE1-B540-7FBFDAA16950}.Debug|iPhoneSimulator.Build.0 = Debug|x86
		{854A96F9-1581-4DE1-B540-7FBFDAA16950}.Debug|iPhoneSimulator.Deploy.0 = Debug|x86
		{854A96F9-1581-4DE1-B540-7FBFDAA16950}.Debug|x64.ActiveCfg = Debug|x64
		{854A96F9-1581-4DE1-B540-7FBFDAA16950}.Debug|x64.Build.0 = Debug|x64
		{854A96F9-1581-4DE1-B540-7FBFDAA16950}.Debug|x64.Deploy.0 = Debug|x64
		{854A96F9-1581-4DE1-B540-7FBFDAA16950}.Debug|x86.ActiveCfg = Debug|x86
		{854A96F9-1581-4DE1-B540-7FBFDAA16950}.Debug|x86.Build.0 = Debug|x86
		{854A96F9-1581-4DE1-B540-7FBFDAA16950}.Debug|x86.Deploy.0 = Debug|x86
		{854A96F9-1581-4DE1-B540-7FBFDAA16950}.Release|Any CPU.ActiveCfg = Release|x86
		{854A96F9-1581-4DE1-B540-7FBFDAA16950}.Release|Any CPU.Build.0 = Release|x86
		{854A96F9-1581-4DE1-B540-7FBFDAA16950}.Release|Any CPU.Deploy.0 = Release|x86
		{854A96F9-1581-4DE1-B540-7FBFDAA16950}.Release|ARM.ActiveCfg = Release|ARM
		{854A96F9-1581-4DE1-B540-7FBFDAA16950}.Release|ARM.Build.0 = Release|ARM
		{854A96F9-1581-4DE1-B540-7FBFDAA16950}.Release|ARM.Deploy.0 = Release|ARM
		{854A96F9-1581-4DE1-B540-7FBFDAA16950}.Release|iPhone.ActiveCfg = Release|x86
		{854A96F9-1581-4DE1-B540-7FBFDAA16950}.Release|iPhone.Build.0 = Release|x86
		{854A96F9-1581-4DE1-B540-7FBFDAA16950}.Release|iPhone.Deploy.0 = Release|x86
		{854A96F9-1581-4DE1-B540-7FBFDAA16950}.Release|iPhoneSimulator.ActiveCfg = Release|x86
		{854A96F9-1581-4DE1-B540-7FBFDAA16950}.Release|iPhoneSimulator.Build.0 = Release|x86
		{854A96F9-1581-4DE1-B540-7FBFDAA16950}.Release|iPhoneSimulator.Deploy.0 = Release|x86
		{854A96F9-1581-4DE1-B540-7FBFDAA16950}.Release|x64.ActiveCfg = Release|x64
		{854A96F9-1581-4DE1-B540-7FBFDAA16950}.Release|x64.Build.0 = Release|x64
		{854A96F9-1581-4DE1-B540-7FBFDAA16950}.Release|x64.Deploy.0 = Release|x64
		{854A96F9-1581-4DE1-B540-7FBFDAA16950}.Release|x86.ActiveCfg = Release|x86
		{854A96F9-1581-4DE1-B540-7FBFDAA16950}.Release|x86.Build.0 = Release|x86
		{854A96F9-1581-4DE1-B540-7FBFDAA16950}.Release|x86.Deploy.0 = Release|x86
		{CD87FCC9-0312-4CDF-8781-FA9E9AF7F2FF}.Ad-Hoc|Any CPU.ActiveCfg = Debug|Any CPU
		{CD87FCC9-0312-4CDF-8781-FA9E9AF7F2FF}.Ad-Hoc|Any CPU.Build.0 = Debug|Any CPU
		{CD87FCC9-0312-4CDF-8781-FA9E9AF7F2FF}.Ad-Hoc|Any CPU.Deploy.0 = Debug|Any CPU
		{CD87FCC9-0312-4CDF-8781-FA9E9AF7F2FF}.Ad-Hoc|ARM.ActiveCfg = Debug|Any CPU
		{CD87FCC9-0312-4CDF-8781-FA9E9AF7F2FF}.Ad-Hoc|ARM.Build.0 = Debug|Any CPU
		{CD87FCC9-0312-4CDF-8781-FA9E9AF7F2FF}.Ad-Hoc|ARM.Deploy.0 = Debug|Any CPU
		{CD87FCC9-0312-4CDF-8781-FA9E9AF7F2FF}.Ad-Hoc|iPhone.ActiveCfg = Debug|Any CPU
		{CD87FCC9-0312-4CDF-8781-FA9E9AF7F2FF}.Ad-Hoc|iPhone.Build.0 = Debug|Any CPU
		{CD87FCC9-0312-4CDF-8781-FA9E9AF7F2FF}.Ad-Hoc|iPhone.Deploy.0 = Debug|Any CPU
		{CD87FCC9-0312-4CDF-8781-FA9E9AF7F2FF}.Ad-Hoc|iPhoneSimulator.ActiveCfg = Debug|Any CPU
		{CD87FCC9-0312-4CDF-8781-FA9E9AF7F2FF}.Ad-Hoc|iPhoneSimulator.Build.0 = Debug|Any CPU
		{CD87FCC9-0312-4CDF-8781-FA9E9AF7F2FF}.Ad-Hoc|iPhoneSimulator.Deploy.0 = Debug|Any CPU
		{CD87FCC9-0312-4CDF-8781-FA9E9AF7F2FF}.Ad-Hoc|x64.ActiveCfg = Debug|Any CPU
		{CD87FCC9-0312-4CDF-8781-FA9E9AF7F2FF}.Ad-Hoc|x64.Build.0 = Debug|Any CPU
		{CD87FCC9-0312-4CDF-8781-FA9E9AF7F2FF}.Ad-Hoc|x64.Deploy.0 = Debug|Any CPU
		{CD87FCC9-0312-4CDF-8781-FA9E9AF7F2FF}.Ad-Hoc|x86.ActiveCfg = Debug|Any CPU
		{CD87FCC9-0312-4CDF-8781-FA9E9AF7F2FF}.Ad-Hoc|x86.Build.0 = Debug|Any CPU
		{CD87FCC9-0312-4CDF-8781-FA9E9AF7F2FF}.Ad-Hoc|x86.Deploy.0 = Debug|Any CPU
		{CD87FCC9-0312-4CDF-8781-FA9E9AF7F2FF}.AppStore|Any CPU.ActiveCfg = Debug|Any CPU
		{CD87FCC9-0312-4CDF-8781-FA9E9AF7F2FF}.AppStore|Any CPU.Build.0 = Debug|Any CPU
		{CD87FCC9-0312-4CDF-8781-FA9E9AF7F2FF}.AppStore|Any CPU.Deploy.0 = Debug|Any CPU
		{CD87FCC9-0312-4CDF-8781-FA9E9AF7F2FF}.AppStore|ARM.ActiveCfg = Debug|Any CPU
		{CD87FCC9-0312-4CDF-8781-FA9E9AF7F2FF}.AppStore|ARM.Build.0 = Debug|Any CPU
		{CD87FCC9-0312-4CDF-8781-FA9E9AF7F2FF}.AppStore|ARM.Deploy.0 = Debug|Any CPU
		{CD87FCC9-0312-4CDF-8781-FA9E9AF7F2FF}.AppStore|iPhone.ActiveCfg = Debug|Any CPU
		{CD87FCC9-0312-4CDF-8781-FA9E9AF7F2FF}.AppStore|iPhone.Build.0 = Debug|Any CPU
		{CD87FCC9-0312-4CDF-8781-FA9E9AF7F2FF}.AppStore|iPhone.Deploy.0 = Debug|Any CPU
		{CD87FCC9-0312-4CDF-8781-FA9E9AF7F2FF}.AppStore|iPhoneSimulator.ActiveCfg = Debug|Any CPU
		{CD87FCC9-0312-4CDF-8781-FA9E9AF7F2FF}.AppStore|iPhoneSimulator.Build.0 = Debug|Any CPU
		{CD87FCC9-0312-4CDF-8781-FA9E9AF7F2FF}.AppStore|iPhoneSimulator.Deploy.0 = Debug|Any CPU
		{CD87FCC9-0312-4CDF-8781-FA9E9AF7F2FF}.AppStore|x64.ActiveCfg = Debug|Any CPU
		{CD87FCC9-0312-4CDF-8781-FA9E9AF7F2FF}.AppStore|x64.Build.0 = Debug|Any CPU
		{CD87FCC9-0312-4CDF-8781-FA9E9AF7F2FF}.AppStore|x64.Deploy.0 = Debug|Any CPU
		{CD87FCC9-0312-4CDF-8781-FA9E9AF7F2FF}.AppStore|x86.ActiveCfg = Debug|Any CPU
		{CD87FCC9-0312-4CDF-8781-FA9E9AF7F2FF}.AppStore|x86.Build.0 = Debug|Any CPU
		{CD87FCC9-0312-4CDF-8781-FA9E9AF7F2FF}.AppStore|x86.Deploy.0 = Debug|Any CPU
		{CD87FCC9-0312-4CDF-8781-FA9E9AF7F2FF}.Debug|Any CPU.ActiveCfg = Debug|Any CPU
		{CD87FCC9-0312-4CDF-8781-FA9E9AF7F2FF}.Debug|Any CPU.Build.0 = Debug|Any CPU
		{CD87FCC9-0312-4CDF-8781-FA9E9AF7F2FF}.Debug|Any CPU.Deploy.0 = Debug|Any CPU
		{CD87FCC9-0312-4CDF-8781-FA9E9AF7F2FF}.Debug|ARM.ActiveCfg = Debug|Any CPU
		{CD87FCC9-0312-4CDF-8781-FA9E9AF7F2FF}.Debug|ARM.Build.0 = Debug|Any CPU
		{CD87FCC9-0312-4CDF-8781-FA9E9AF7F2FF}.Debug|ARM.Deploy.0 = Debug|Any CPU
		{CD87FCC9-0312-4CDF-8781-FA9E9AF7F2FF}.Debug|iPhone.ActiveCfg = Debug|Any CPU
		{CD87FCC9-0312-4CDF-8781-FA9E9AF7F2FF}.Debug|iPhone.Build.0 = Debug|Any CPU
		{CD87FCC9-0312-4CDF-8781-FA9E9AF7F2FF}.Debug|iPhone.Deploy.0 = Debug|Any CPU
		{CD87FCC9-0312-4CDF-8781-FA9E9AF7F2FF}.Debug|iPhoneSimulator.ActiveCfg = Debug|Any CPU
		{CD87FCC9-0312-4CDF-8781-FA9E9AF7F2FF}.Debug|iPhoneSimulator.Build.0 = Debug|Any CPU
		{CD87FCC9-0312-4CDF-8781-FA9E9AF7F2FF}.Debug|iPhoneSimulator.Deploy.0 = Debug|Any CPU
		{CD87FCC9-0312-4CDF-8781-FA9E9AF7F2FF}.Debug|x64.ActiveCfg = Debug|Any CPU
		{CD87FCC9-0312-4CDF-8781-FA9E9AF7F2FF}.Debug|x64.Build.0 = Debug|Any CPU
		{CD87FCC9-0312-4CDF-8781-FA9E9AF7F2FF}.Debug|x64.Deploy.0 = Debug|Any CPU
		{CD87FCC9-0312-4CDF-8781-FA9E9AF7F2FF}.Debug|x86.ActiveCfg = Debug|Any CPU
		{CD87FCC9-0312-4CDF-8781-FA9E9AF7F2FF}.Debug|x86.Build.0 = Debug|Any CPU
		{CD87FCC9-0312-4CDF-8781-FA9E9AF7F2FF}.Debug|x86.Deploy.0 = Debug|Any CPU
		{CD87FCC9-0312-4CDF-8781-FA9E9AF7F2FF}.Release|Any CPU.ActiveCfg = Release|Any CPU
		{CD87FCC9-0312-4CDF-8781-FA9E9AF7F2FF}.Release|Any CPU.Build.0 = Release|Any CPU
		{CD87FCC9-0312-4CDF-8781-FA9E9AF7F2FF}.Release|Any CPU.Deploy.0 = Release|Any CPU
		{CD87FCC9-0312-4CDF-8781-FA9E9AF7F2FF}.Release|ARM.ActiveCfg = Release|Any CPU
		{CD87FCC9-0312-4CDF-8781-FA9E9AF7F2FF}.Release|ARM.Build.0 = Release|Any CPU
		{CD87FCC9-0312-4CDF-8781-FA9E9AF7F2FF}.Release|ARM.Deploy.0 = Release|Any CPU
		{CD87FCC9-0312-4CDF-8781-FA9E9AF7F2FF}.Release|iPhone.ActiveCfg = Release|Any CPU
		{CD87FCC9-0312-4CDF-8781-FA9E9AF7F2FF}.Release|iPhone.Build.0 = Release|Any CPU
		{CD87FCC9-0312-4CDF-8781-FA9E9AF7F2FF}.Release|iPhone.Deploy.0 = Release|Any CPU
		{CD87FCC9-0312-4CDF-8781-FA9E9AF7F2FF}.Release|iPhoneSimulator.ActiveCfg = Release|Any CPU
		{CD87FCC9-0312-4CDF-8781-FA9E9AF7F2FF}.Release|iPhoneSimulator.Build.0 = Release|Any CPU
		{CD87FCC9-0312-4CDF-8781-FA9E9AF7F2FF}.Release|iPhoneSimulator.Deploy.0 = Release|Any CPU
		{CD87FCC9-0312-4CDF-8781-FA9E9AF7F2FF}.Release|x64.ActiveCfg = Release|Any CPU
		{CD87FCC9-0312-4CDF-8781-FA9E9AF7F2FF}.Release|x64.Build.0 = Release|Any CPU
		{CD87FCC9-0312-4CDF-8781-FA9E9AF7F2FF}.Release|x64.Deploy.0 = Release|Any CPU
		{CD87FCC9-0312-4CDF-8781-FA9E9AF7F2FF}.Release|x86.ActiveCfg = Release|Any CPU
		{CD87FCC9-0312-4CDF-8781-FA9E9AF7F2FF}.Release|x86.Build.0 = Release|Any CPU
		{CD87FCC9-0312-4CDF-8781-FA9E9AF7F2FF}.Release|x86.Deploy.0 = Release|Any CPU
	EndGlobalSection
	GlobalSection(SolutionProperties) = preSolution
		HideSolutionNode = FALSE
	EndGlobalSection
	GlobalSection(ExtensibilityGlobals) = postSolution
		SolutionGuid = {8FED3CFB-0AD4-49C3-A874-799334997056}
	EndGlobalSection
EndGlobal
